{
  "name": "shred-day",
  "lockfileVersion": 3,
  "requires": true,
  "packages": {
    "": {
      "dependencies": {
        "heic-to": "^1.1.12"
      }
    },
    "node_modules/heic-to": {
      "version": "1.1.12",
      "resolved": "https://registry.npmjs.org/heic-to/-/heic-to-1.1.12.tgz",
      "integrity": "sha512-qkvjvvgbb0DtyBJts9RIy7Rka8ZnhJIPVG4uneNLiLD0OOJogzCjsLF4howhuu0JJ0Y8w77bfJ1X3j+ebZgtMA==",
      "license": "LGPL-3.0"
    }
  }
}
